
Microsoft Visual Studio Solution File, Format Version 12.00
# Visual Studio 2013
VisualStudioVersion = 12.0.30324.0
MinimumVisualStudioVersion = 10.0.40219.1
Project("{FAE04EC0-301F-11D3-BF4B-00C04F79EFBC}") = "RESTVoterList", "RESTVoterList\RESTVoterList.csproj", "{0288C53D-79B4-4526-B3F4-9F9BEFB34C75}"
EndProject
Project("{FAE04EC0-301F-11D3-BF4B-00C04F79EFBC}") = "VoterList", "..\VoterList\VoterList\VoterList.csproj", "{BD78F2A4-554F-4320-BDCE-C76BA785349D}"
EndProject
Global
	GlobalSection(SolutionConfigurationPlatforms) = preSolution
		Debug|Any CPU = Debug|Any CPU
		Release|Any CPU = Release|Any CPU
	EndGlobalSection
	GlobalSection(ProjectConfigurationPlatforms) = postSolution
		{0288C53D-79B4-4526-B3F4-9F9BEFB34C75}.Debug|Any CPU.ActiveCfg = Debug|Any CPU
		{0288C53D-79B4-4526-B3F4-9F9BEFB34C75}.Debug|Any CPU.Build.0 = Debug|Any CPU
		{0288C53D-79B4-4526-B3F4-9F9BEFB34C75}.Release|Any CPU.ActiveCfg = Release|Any CPU
		{0288C53D-79B4-4526-B3F4-9F9BEFB34C75}.Release|Any CPU.Build.0 = Release|Any CPU
		{BD78F2A4-554F-4320-BDCE-C76BA785349D}.Debug|Any CPU.ActiveCfg = Debug|Any CPU
		{BD78F2A4-554F-4320-BDCE-C76BA785349D}.Debug|Any CPU.Build.0 = Debug|Any CPU
		{BD78F2A4-554F-4320-BDCE-C76BA785349D}.Release|Any CPU.ActiveCfg = Release|Any CPU
		{BD78F2A4-554F-4320-BDCE-C76BA785349D}.Release|Any CPU.Build.0 = Release|Any CPU
	EndGlobalSection
	GlobalSection(SolutionProperties) = preSolution
		HideSolutionNode = FALSE
	EndGlobalSection
EndGlobal
